// !$*UTF8*$!
{
	archiveVersion = 1;
	classes = {
	};
	objectVersion = 50;
	objects = {

/* Begin PBXBuildFile section */
		ECF1BD0F24928CD8000AAEDF /* AppDelegate.swift in Sources */ = {isa = PBXBuildFile; fileRef = ECF1BD0E24928CD8000AAEDF /* AppDelegate.swift */; };
		ECF1BD1124928CD8000AAEDF /* SceneDelegate.swift in Sources */ = {isa = PBXBuildFile; fileRef = ECF1BD1024928CD8000AAEDF /* SceneDelegate.swift */; };
		ECF1BD1324928CD8000AAEDF /* ContentView.swift in Sources */ = {isa = PBXBuildFile; fileRef = ECF1BD1224928CD8000AAEDF /* ContentView.swift */; };
		ECF1BD1524928CDC000AAEDF /* Assets.xcassets in Resources */ = {isa = PBXBuildFile; fileRef = ECF1BD1424928CDC000AAEDF /* Assets.xcassets */; };
		ECF1BD1824928CDC000AAEDF /* Preview Assets.xcassets in Resources */ = {isa = PBXBuildFile; fileRef = ECF1BD1724928CDC000AAEDF /* Preview Assets.xcassets */; };
		ECF1BD1B24928CDC000AAEDF /* LaunchScreen.storyboard in Resources */ = {isa = PBXBuildFile; fileRef = ECF1BD1924928CDC000AAEDF /* LaunchScreen.storyboard */; };
		ECF1BD2624928CDC000AAEDF /* TravelTests.swift in Sources */ = {isa = PBXBuildFile; fileRef = ECF1BD2524928CDC000AAEDF /* TravelTests.swift */; };
		ECF1BD3124928CDD000AAEDF /* TravelUITests.swift in Sources */ = {isa = PBXBuildFile; fileRef = ECF1BD3024928CDD000AAEDF /* TravelUITests.swift */; };
/* End PBXBuildFile section */

/* Begin PBXContainerItemProxy section */
		ECF1BD2224928CDC000AAEDF /* PBXContainerItemProxy */ = {
			isa = PBXContainerItemProxy;
			containerPortal = ECF1BD0324928CD8000AAEDF /* Project object */;
			proxyType = 1;
			remoteGlobalIDString = ECF1BD0A24928CD8000AAEDF;
			remoteInfo = Travel;
		};
		ECF1BD2D24928CDD000AAEDF /* PBXContainerItemProxy */ = {
			isa = PBXContainerItemProxy;
			containerPortal = ECF1BD0324928CD8000AAEDF /* Project object */;
			proxyType = 1;
			remoteGlobalIDString = ECF1BD0A24928CD8000AAEDF;
			remoteInfo = Travel;
		};
/* End PBXContainerItemProxy section */

/* Begin PBXFileReference section */
		ECF1BD0B24928CD8000AAEDF /* Travel.app */ = {isa = PBXFileReference; explicitFileType = wrapper.application; includeInIndex = 0; path = Travel.app; sourceTree = BUILT_PRODUCTS_DIR; };
		ECF1BD0E24928CD8000AAEDF /* AppDelegate.swift */ = {isa = PBXFileReference; lastKnownFileType = sourcecode.swift; path = AppDelegate.swift; sourceTree = "<group>"; };
		ECF1BD1024928CD8000AAEDF /* SceneDelegate.swift */ = {isa = PBXFileReference; lastKnownFileType = sourcecode.swift; path = SceneDelegate.swift; sourceTree = "<group>"; };
		ECF1BD1224928CD8000AAEDF /* ContentView.swift */ = {isa = PBXFileReference; lastKnownFileType = sourcecode.swift; path = ContentView.swift; sourceTree = "<group>"; };
		ECF1BD1424928CDC000AAEDF /* Assets.xcassets */ = {isa = PBXFileReference; lastKnownFileType = folder.assetcatalog; path = Assets.xcassets; sourceTree = "<group>"; };
		ECF1BD1724928CDC000AAEDF /* Preview Assets.xcassets */ = {isa = PBXFileReference; lastKnownFileType = folder.assetcatalog; path = "Preview Assets.xcassets"; sourceTree = "<group>"; };
		ECF1BD1A24928CDC000AAEDF /* Base */ = {isa = PBXFileReference; lastKnownFileType = file.storyboard; name = Base; path = Base.lproj/LaunchScreen.storyboard; sourceTree = "<group>"; };
		ECF1BD1C24928CDC000AAEDF /* Info.plist */ = {isa = PBXFileReference; lastKnownFileType = text.plist.xml; path = Info.plist; sourceTree = "<group>"; };
		ECF1BD2124928CDC000AAEDF /* TravelTests.xctest */ = {isa = PBXFileReference; explicitFileType = wrapper.cfbundle; includeInIndex = 0; path = TravelTests.xctest; sourceTree = BUILT_PRODUCTS_DIR; };
		ECF1BD2524928CDC000AAEDF /* TravelTests.swift */ = {isa = PBXFileReference; lastKnownFileType = sourcecode.swift; path = TravelTests.swift; sourceTree = "<group>"; };
		ECF1BD2724928CDC000AAEDF /* Info.plist */ = {isa = PBXFileReference; lastKnownFileType = text.plist.xml; path = Info.plist; sourceTree = "<group>"; };
		ECF1BD2C24928CDD000AAEDF /* TravelUITests.xctest */ = {isa = PBXFileReference; explicitFileType = wrapper.cfbundle; includeInIndex = 0; path = TravelUITests.xctest; sourceTree = BUILT_PRODUCTS_DIR; };
		ECF1BD3024928CDD000AAEDF /* TravelUITests.swift */ = {isa = PBXFileReference; lastKnownFileType = sourcecode.swift; path = TravelUITests.swift; sourceTree = "<group>"; };
		ECF1BD3224928CDD000AAEDF /* Info.plist */ = {isa = PBXFileReference; lastKnownFileType = text.plist.xml; path = Info.plist; sourceTree = "<group>"; };
/* End PBXFileReference section */

/* Begin PBXFrameworksBuildPhase section */
		ECF1BD0824928CD8000AAEDF /* Frameworks */ = {
			isa = PBXFrameworksBuildPhase;
			buildActionMask = 2147483647;
			files = (
			);
			runOnlyForDeploymentPostprocessing = 0;
		};
		ECF1BD1E24928CDC000AAEDF /* Frameworks */ = {
			isa = PBXFrameworksBuildPhase;
			buildActionMask = 2147483647;
			files = (
			);
			runOnlyForDeploymentPostprocessing = 0;
		};
		ECF1BD2924928CDC000AAEDF /* Frameworks */ = {
			isa = PBXFrameworksBuildPhase;
			buildActionMask = 2147483647;
			files = (
			);
			runOnlyForDeploymentPostprocessing = 0;
		};
/* End PBXFrameworksBuildPhase section */

/* Begin PBXGroup section */
		ECF1BD0224928CD8000AAEDF = {
			isa = PBXGroup;
			children = (
				ECF1BD0D24928CD8000AAEDF /* Travel */,
				ECF1BD2424928CDC000AAEDF /* TravelTests */,
				ECF1BD2F24928CDD000AAEDF /* TravelUITests */,
				ECF1BD0C24928CD8000AAEDF /* Products */,
			);
			sourceTree = "<group>";
		};
		ECF1BD0C24928CD8000AAEDF /* Products */ = {
			isa = PBXGroup;
			children = (
				ECF1BD0B24928CD8000AAEDF /* Travel.app */,
				ECF1BD2124928CDC000AAEDF /* TravelTests.xctest */,
				ECF1BD2C24928CDD000AAEDF /* TravelUITests.xctest */,
			);
			name = Products;
			sourceTree = "<group>";
		};
		ECF1BD0D24928CD8000AAEDF /* Travel */ = {
			isa = PBXGroup;
			children = (
				ECF1BD0E24928CD8000AAEDF /* AppDelegate.swift */,
				ECF1BD1024928CD8000AAEDF /* SceneDelegate.swift */,
				ECF1BD1224928CD8000AAEDF /* ContentView.swift */,
				ECF1BD1424928CDC000AAEDF /* Assets.xcassets */,
				ECF1BD1924928CDC000AAEDF /* LaunchScreen.storyboard */,
				ECF1BD1C24928CDC000AAEDF /* Info.plist */,
				ECF1BD1624928CDC000AAEDF /* Preview Content */,
			);
			path = Travel;
			sourceTree = "<group>";
		};
		ECF1BD1624928CDC000AAEDF /* Preview Content */ = {
			isa = PBXGroup;
			children = (
				ECF1BD1724928CDC000AAEDF /* Preview Assets.xcassets */,
			);
			path = "Preview Content";
			sourceTree = "<group>";
		};
		ECF1BD2424928CDC000AAEDF /* TravelTests */ = {
			isa = PBXGroup;
			children = (
				ECF1BD2524928CDC000AAEDF /* TravelTests.swift */,
				ECF1BD2724928CDC000AAEDF /* Info.plist */,
			);
			path = TravelTests;
			sourceTree = "<group>";
		};
		ECF1BD2F24928CDD000AAEDF /* TravelUITests */ = {
			isa = PBXGroup;
			children = (
				ECF1BD3024928CDD000AAEDF /* TravelUITests.swift */,
				ECF1BD3224928CDD000AAEDF /* Info.plist */,
			);
			path = TravelUITests;
			sourceTree = "<group>";
		};
/* End PBXGroup section */

/* Begin PBXNativeTarget section */
		ECF1BD0A24928CD8000AAEDF /* Travel */ = {
			isa = PBXNativeTarget;
			buildConfigurationList = ECF1BD3524928CDD000AAEDF /* Build configuration list for PBXNativeTarget "Travel" */;
			buildPhases = (
				ECF1BD0724928CD8000AAEDF /* Sources */,
				ECF1BD0824928CD8000AAEDF /* Frameworks */,
				ECF1BD0924928CD8000AAEDF /* Resources */,
			);
			buildRules = (
			);
			dependencies = (
			);
			name = Travel;
			productName = Travel;
			productReference = ECF1BD0B24928CD8000AAEDF /* Travel.app */;
			productType = "com.apple.product-type.application";
		};
		ECF1BD2024928CDC000AAEDF /* TravelTests */ = {
			isa = PBXNativeTarget;
			buildConfigurationList = ECF1BD3824928CDD000AAEDF /* Build configuration list for PBXNativeTarget "TravelTests" */;
			buildPhases = (
				ECF1BD1D24928CDC000AAEDF /* Sources */,
				ECF1BD1E24928CDC000AAEDF /* Frameworks */,
				ECF1BD1F24928CDC000AAEDF /* Resources */,
			);
			buildRules = (
			);
			dependencies = (
				ECF1BD2324928CDC000AAEDF /* PBXTargetDependency */,
			);
			name = TravelTests;
			productName = TravelTests;
			productReference = ECF1BD2124928CDC000AAEDF /* TravelTests.xctest */;
			productType = "com.apple.product-type.bundle.unit-test";
		};
		ECF1BD2B24928CDC000AAEDF /* TravelUITests */ = {
			isa = PBXNativeTarget;
			buildConfigurationList = ECF1BD3B24928CDD000AAEDF /* Build configuration list for PBXNativeTarget "TravelUITests" */;
			buildPhases = (
				ECF1BD2824928CDC000AAEDF /* Sources */,
				ECF1BD2924928CDC000AAEDF /* Frameworks */,
				ECF1BD2A24928CDC000AAEDF /* Resources */,
			);
			buildRules = (
			);
			dependencies = (
				ECF1BD2E24928CDD000AAEDF /* PBXTargetDependency */,
			);
			name = TravelUITests;
			productName = TravelUITests;
			productReference = ECF1BD2C24928CDD000AAEDF /* TravelUITests.xctest */;
			productType = "com.apple.product-type.bundle.ui-testing";
		};
/* End PBXNativeTarget section */

/* Begin PBXProject section */
		ECF1BD0324928CD8000AAEDF /* Project object */ = {
			isa = PBXProject;
			attributes = {
				LastSwiftUpdateCheck = 1140;
				LastUpgradeCheck = 1140;
				ORGANIZATIONNAME = "Jonathan Chiquet";
				TargetAttributes = {
					ECF1BD0A24928CD8000AAEDF = {
						CreatedOnToolsVersion = 11.4;
					};
					ECF1BD2024928CDC000AAEDF = {
						CreatedOnToolsVersion = 11.4;
						TestTargetID = ECF1BD0A24928CD8000AAEDF;
					};
					ECF1BD2B24928CDC000AAEDF = {
						CreatedOnToolsVersion = 11.4;
						TestTargetID = ECF1BD0A24928CD8000AAEDF;
					};
				};
			};
			buildConfigurationList = ECF1BD0624928CD8000AAEDF /* Build configuration list for PBXProject "Travel" */;
			compatibilityVersion = "Xcode 9.3";
			developmentRegion = en;
			hasScannedForEncodings = 0;
			knownRegions = (
				en,
				Base,
			);
			mainGroup = ECF1BD0224928CD8000AAEDF;
			productRefGroup = ECF1BD0C24928CD8000AAEDF /* Products */;
			projectDirPath = "";
			projectRoot = "";
			targets = (
				ECF1BD0A24928CD8000AAEDF /* Travel */,
				ECF1BD2024928CDC000AAEDF /* TravelTests */,
				ECF1BD2B24928CDC000AAEDF /* TravelUITests */,
			);
		};
/* End PBXProject section */

/* Begin PBXResourcesBuildPhase section */
		ECF1BD0924928CD8000AAEDF /* Resources */ = {
			isa = PBXResourcesBuildPhase;
			buildActionMask = 2147483647;
			files = (
				ECF1BD1B24928CDC000AAEDF /* LaunchScreen.storyboard in Resources */,
				ECF1BD1824928CDC000AAEDF /* Preview Assets.xcassets in Resources */,
				ECF1BD1524928CDC000AAEDF /* Assets.xcassets in Resources */,
			);
			runOnlyForDeploymentPostprocessing = 0;
		};
		ECF1BD1F24928CDC000AAEDF /* Resources */ = {
			isa = PBXResourcesBuildPhase;
			buildActionMask = 2147483647;
			files = (
			);
			runOnlyForDeploymentPostprocessing = 0;
		};
		ECF1BD2A24928CDC000AAEDF /* Resources */ = {
			isa = PBXResourcesBuildPhase;
			buildActionMask = 2147483647;
			files = (
			);
			runOnlyForDeploymentPostprocessing = 0;
		};
/* End PBXResourcesBuildPhase section */

/* Begin PBXSourcesBuildPhase section */
		ECF1BD0724928CD8000AAEDF /* Sources */ = {
			isa = PBXSourcesBuildPhase;
			buildActionMask = 2147483647;
			files = (
				ECF1BD0F24928CD8000AAEDF /* AppDelegate.swift in Sources */,
				ECF1BD1124928CD8000AAEDF /* SceneDelegate.swift in Sources */,
				ECF1BD1324928CD8000AAEDF /* ContentView.swift in Sources */,
			);
			runOnlyForDeploymentPostprocessing = 0;
		};
		ECF1BD1D24928CDC000AAEDF /* Sources */ = {
			isa = PBXSourcesBuildPhase;
			buildActionMask = 2147483647;
			files = (
				ECF1BD2624928CDC000AAEDF /* TravelTests.swift in Sources */,
			);
			runOnlyForDeploymentPostprocessing = 0;
		};
		ECF1BD2824928CDC000AAEDF /* Sources */ = {
			isa = PBXSourcesBuildPhase;
			buildActionMask = 2147483647;
			files = (
				ECF1BD3124928CDD000AAEDF /* TravelUITests.swift in Sources */,
			);
			runOnlyForDeploymentPostprocessing = 0;
		};
/* End PBXSourcesBuildPhase section */

/* Begin PBXTargetDependency section */
		ECF1BD2324928CDC000AAEDF /* PBXTargetDependency */ = {
			isa = PBXTargetDependency;
			target = ECF1BD0A24928CD8000AAEDF /* Travel */;
			targetProxy = ECF1BD2224928CDC000AAEDF /* PBXContainerItemProxy */;
		};
		ECF1BD2E24928CDD000AAEDF /* PBXTargetDependency */ = {
			isa = PBXTargetDependency;
			target = ECF1BD0A24928CD8000AAEDF /* Travel */;
			targetProxy = ECF1BD2D24928CDD000AAEDF /* PBXContainerItemProxy */;
		};
/* End PBXTargetDependency section */

/* Begin PBXVariantGroup section */
		ECF1BD1924928CDC000AAEDF /* LaunchScreen.storyboard */ = {
			isa = PBXVariantGroup;
			children = (
				ECF1BD1A24928CDC000AAEDF /* Base */,
			);
			name = LaunchScreen.storyboard;
			sourceTree = "<group>";
		};
/* End PBXVariantGroup section */

/* Begin XCBuildConfiguration section */
		ECF1BD3324928CDD000AAEDF /* Debug */ = {
			isa = XCBuildConfiguration;
			buildSettings = {
				ALWAYS_SEARCH_USER_PATHS = NO;
				CLANG_ANALYZER_NONNULL = YES;
				CLANG_ANALYZER_NUMBER_OBJECT_CONVERSION = YES_AGGRESSIVE;
				CLANG_CXX_LANGUAGE_STANDARD = "gnu++14";
				CLANG_CXX_LIBRARY = "libc++";
				CLANG_ENABLE_MODULES = YES;
				CLANG_ENABLE_OBJC_ARC = YES;
				CLANG_ENABLE_OBJC_WEAK = YES;
				CLANG_WARN_BLOCK_CAPTURE_AUTORELEASING = YES;
				CLANG_WARN_BOOL_CONVERSION = YES;
				CLANG_WARN_COMMA = YES;
				CLANG_WARN_CONSTANT_CONVERSION = YES;
				CLANG_WARN_DEPRECATED_OBJC_IMPLEMENTATIONS = YES;
				CLANG_WARN_DIRECT_OBJC_ISA_USAGE = YES_ERROR;
				CLANG_WARN_DOCUMENTATION_COMMENTS = YES;
				CLANG_WARN_EMPTY_BODY = YES;
				CLANG_WARN_ENUM_CONVERSION = YES;
				CLANG_WARN_INFINITE_RECURSION = YES;
				CLANG_WARN_INT_CONVERSION = YES;
				CLANG_WARN_NON_LITERAL_NULL_CONVERSION = YES;
				CLANG_WARN_OBJC_IMPLICIT_RETAIN_SELF = YES;
				CLANG_WARN_OBJC_LITERAL_CONVERSION = YES;
				CLANG_WARN_OBJC_ROOT_CLASS = YES_ERROR;
				CLANG_WARN_RANGE_LOOP_ANALYSIS = YES;
				CLANG_WARN_STRICT_PROTOTYPES = YES;
				CLANG_WARN_SUSPICIOUS_MOVE = YES;
				CLANG_WARN_UNGUARDED_AVAILABILITY = YES_AGGRESSIVE;
				CLANG_WARN_UNREACHABLE_CODE = YES;
				CLANG_WARN__DUPLICATE_METHOD_MATCH = YES;
				COPY_PHASE_STRIP = NO;
				DEBUG_INFORMATION_FORMAT = dwarf;
				ENABLE_STRICT_OBJC_MSGSEND = YES;
				ENABLE_TESTABILITY = YES;
				GCC_C_LANGUAGE_STANDARD = gnu11;
				GCC_DYNAMIC_NO_PIC = NO;
				GCC_NO_COMMON_BLOCKS = YES;
				GCC_OPTIMIZATION_LEVEL = 0;
				GCC_PREPROCESSOR_DEFINITIONS = (
					"DEBUG=1",
					"$(inherited)",
				);
				GCC_WARN_64_TO_32_BIT_CONVERSION = YES;
				GCC_WARN_ABOUT_RETURN_TYPE = YES_ERROR;
				GCC_WARN_UNDECLARED_SELECTOR = YES;
				GCC_WARN_UNINITIALIZED_AUTOS = YES_AGGRESSIVE;
				GCC_WARN_UNUSED_FUNCTION = YES;
				GCC_WARN_UNUSED_VARIABLE = YES;
				IPHONEOS_DEPLOYMENT_TARGET = 13.4;
				MTL_ENABLE_DEBUG_INFO = INCLUDE_SOURCE;
				MTL_FAST_MATH = YES;
				ONLY_ACTIVE_ARCH = YES;
				SDKROOT = iphoneos;
				SWIFT_ACTIVE_COMPILATION_CONDITIONS = DEBUG;
				SWIFT_OPTIMIZATION_LEVEL = "-Onone";
			};
			name = Debug;
		};
		ECF1BD3424928CDD000AAEDF /* Release */ = {
			isa = XCBuildConfiguration;
			buildSettings = {
				ALWAYS_SEARCH_USER_PATHS = NO;
				CLANG_ANALYZER_NONNULL = YES;
				CLANG_ANALYZER_NUMBER_OBJECT_CONVERSION = YES_AGGRESSIVE;
				CLANG_CXX_LANGUAGE_STANDARD = "gnu++14";
				CLANG_CXX_LIBRARY = "libc++";
				CLANG_ENABLE_MODULES = YES;
				CLANG_ENABLE_OBJC_ARC = YES;
				CLANG_ENABLE_OBJC_WEAK = YES;
				CLANG_WARN_BLOCK_CAPTURE_AUTORELEASING = YES;
				CLANG_WARN_BOOL_CONVERSION = YES;
				CLANG_WARN_COMMA = YES;
				CLANG_WARN_CONSTANT_CONVERSION = YES;
				CLANG_WARN_DEPRECATED_OBJC_IMPLEMENTATIONS = YES;
				CLANG_WARN_DIRECT_OBJC_ISA_USAGE = YES_ERROR;
				CLANG_WARN_DOCUMENTATION_COMMENTS = YES;
				CLANG_WARN_EMPTY_BODY = YES;
				CLANG_WARN_ENUM_CONVERSION = YES;
				CLANG_WARN_INFINITE_RECURSION = YES;
				CLANG_WARN_INT_CONVERSION = YES;
				CLANG_WARN_NON_LITERAL_NULL_CONVERSION = YES;
				CLANG_WARN_OBJC_IMPLICIT_RETAIN_SELF = YES;
				CLANG_WARN_OBJC_LITERAL_CONVERSION = YES;
				CLANG_WARN_OBJC_ROOT_CLASS = YES_ERROR;
				CLANG_WARN_RANGE_LOOP_ANALYSIS = YES;
				CLANG_WARN_STRICT_PROTOTYPES = YES;
				CLANG_WARN_SUSPICIOUS_MOVE = YES;
				CLANG_WARN_UNGUARDED_AVAILABILITY = YES_AGGRESSIVE;
				CLANG_WARN_UNREACHABLE_CODE = YES;
				CLANG_WARN__DUPLICATE_METHOD_MATCH = YES;
				COPY_PHASE_STRIP = NO;
				DEBUG_INFORMATION_FORMAT = "dwarf-with-dsym";
				ENABLE_NS_ASSERTIONS = NO;
				ENABLE_STRICT_OBJC_MSGSEND = YES;
				GCC_C_LANGUAGE_STANDARD = gnu11;
				GCC_NO_COMMON_BLOCKS = YES;
				GCC_WARN_64_TO_32_BIT_CONVERSION = YES;
				GCC_WARN_ABOUT_RETURN_TYPE = YES_ERROR;
				GCC_WARN_UNDECLARED_SELECTOR = YES;
				GCC_WARN_UNINITIALIZED_AUTOS = YES_AGGRESSIVE;
				GCC_WARN_UNUSED_FUNCTION = YES;
				GCC_WARN_UNUSED_VARIABLE = YES;
				IPHONEOS_DEPLOYMENT_TARGET = 13.4;
				MTL_ENABLE_DEBUG_INFO = NO;
				MTL_FAST_MATH = YES;
				SDKROOT = iphoneos;
				SWIFT_COMPILATION_MODE = wholemodule;
				SWIFT_OPTIMIZATION_LEVEL = "-O";
				VALIDATE_PRODUCT = YES;
			};
			name = Release;
		};
		ECF1BD3624928CDD000AAEDF /* Debug */ = {
			isa = XCBuildConfiguration;
			buildSettings = {
				ASSETCATALOG_COMPILER_APPICON_NAME = AppIcon;
				CODE_SIGN_STYLE = Automatic;
				DEVELOPMENT_ASSET_PATHS = "\"Travel/Preview Content\"";
				DEVELOPMENT_TEAM = VW4C26UGX3;
				ENABLE_PREVIEWS = YES;
				INFOPLIST_FILE = Travel/Info.plist;
				LD_RUNPATH_SEARCH_PATHS = (
					"$(inherited)",
					"@executable_path/Frameworks",
				);
				PRODUCT_BUNDLE_IDENTIFIER = jonathan.Travel;
				PRODUCT_NAME = "$(TARGET_NAME)";
				SWIFT_VERSION = 5.0;
				TARGETED_DEVICE_FAMILY = "1,2";
			};
			name = Debug;
		};
		ECF1BD3724928CDD000AAEDF /* Release */ = {
			isa = XCBuildConfiguration;
			buildSettings = {
				ASSETCATALOG_COMPILER_APPICON_NAME = AppIcon;
				CODE_SIGN_STYLE = Automatic;
				DEVELOPMENT_ASSET_PATHS = "\"Travel/Preview Content\"";
				DEVELOPMENT_TEAM = VW4C26UGX3;
				ENABLE_PREVIEWS = YES;
				INFOPLIST_FILE = Travel/Info.plist;
				LD_RUNPATH_SEARCH_PATHS = (
					"$(inherited)",
					"@executable_path/Frameworks",
				);
				PRODUCT_BUNDLE_IDENTIFIER = jonathan.Travel;
				PRODUCT_NAME = "$(TARGET_NAME)";
				SWIFT_VERSION = 5.0;
				TARGETED_DEVICE_FAMILY = "1,2";
			};
			name = Release;
		};
		ECF1BD3924928CDD000AAEDF /* Debug */ = {
			isa = XCBuildConfiguration;
			buildSettings = {
				ALWAYS_EMBED_SWIFT_STANDARD_LIBRARIES = YES;
				BUNDLE_LOADER = "$(TEST_HOST)";
				CODE_SIGN_STYLE = Automatic;
				DEVELOPMENT_TEAM = VW4C26UGX3;
				INFOPLIST_FILE = TravelTests/Info.plist;
				IPHONEOS_DEPLOYMENT_TARGET = 13.4;
				LD_RUNPATH_SEARCH_PATHS = (
					"$(inherited)",
					"@executable_path/Frameworks",
					"@loader_path/Frameworks",
				);
				PRODUCT_BUNDLE_IDENTIFIER = jonathan.TravelTests;
				PRODUCT_NAME = "$(TARGET_NAME)";
				SWIFT_VERSION = 5.0;
				TARGETED_DEVICE_FAMILY = "1,2";
				TEST_HOST = "$(BUILT_PRODUCTS_DIR)/Travel.app/Travel";
			};
			name = Debug;
		};
		ECF1BD3A24928CDD000AAEDF /* Release */ = {
			isa = XCBuildConfiguration;
			buildSettings = {
				ALWAYS_EMBED_SWIFT_STANDARD_LIBRARIES = YES;
				BUNDLE_LOADER = "$(TEST_HOST)";
				CODE_SIGN_STYLE = Automatic;
				DEVELOPMENT_TEAM = VW4C26UGX3;
				INFOPLIST_FILE = TravelTests/Info.plist;
				IPHONEOS_DEPLOYMENT_TARGET = 13.4;
				LD_RUNPATH_SEARCH_PATHS = (
					"$(inherited)",
					"@executable_path/Frameworks",
					"@loader_path/Frameworks",
				);
				PRODUCT_BUNDLE_IDENTIFIER = jonathan.TravelTests;
				PRODUCT_NAME = "$(TARGET_NAME)";
				SWIFT_VERSION = 5.0;
				TARGETED_DEVICE_FAMILY = "1,2";
				TEST_HOST = "$(BUILT_PRODUCTS_DIR)/Travel.app/Travel";
			};
			name = Release;
		};
		ECF1BD3C24928CDD000AAEDF /* Debug */ = {
			isa = XCBuildConfiguration;
			buildSettings = {
				ALWAYS_EMBED_SWIFT_STANDARD_LIBRARIES = YES;
				CODE_SIGN_STYLE = Automatic;
				DEVELOPMENT_TEAM = VW4C26UGX3;
				INFOPLIST_FILE = TravelUITests/Info.plist;
				LD_RUNPATH_SEARCH_PATHS = (
					"$(inherited)",
					"@executable_path/Frameworks",
					"@loader_path/Frameworks",
				);
				PRODUCT_BUNDLE_IDENTIFIER = jonathan.TravelUITests;
				PRODUCT_NAME = "$(TARGET_NAME)";
				SWIFT_VERSION = 5.0;
				TARGETED_DEVICE_FAMILY = "1,2";
				TEST_TARGET_NAME = Travel;
			};
			name = Debug;
		};
		ECF1BD3D24928CDD000AAEDF /* Release */ = {
			isa = XCBuildConfiguration;
			buildSettings = {
				ALWAYS_EMBED_SWIFT_STANDARD_LIBRARIES = YES;
				CODE_SIGN_STYLE = Automatic;
				DEVELOPMENT_TEAM = VW4C26UGX3;
				INFOPLIST_FILE = TravelUITests/Info.plist;
				LD_RUNPATH_SEARCH_PATHS = (
					"$(inherited)",
					"@executable_path/Frameworks",
					"@loader_path/Frameworks",
				);
				PRODUCT_BUNDLE_IDENTIFIER = jonathan.TravelUITests;
				PRODUCT_NAME = "$(TARGET_NAME)";
				SWIFT_VERSION = 5.0;
				TARGETED_DEVICE_FAMILY = "1,2";
				TEST_TARGET_NAME = Travel;
			};
			name = Release;
		};
/* End XCBuildConfiguration section */

/* Begin XCConfigurationList section */
		ECF1BD0624928CD8000AAEDF /* Build configuration list for PBXProject "Travel" */ = {
			isa = XCConfigurationList;
			buildConfigurations = (
				ECF1BD3324928CDD000AAEDF /* Debug */,
				ECF1BD3424928CDD000AAEDF /* Release */,
			);
			defaultConfigurationIsVisible = 0;
			defaultConfigurationName = Release;
		};
		ECF1BD3524928CDD000AAEDF /* Build configuration list for PBXNativeTarget "Travel" */ = {
			isa = XCConfigurationList;
			buildConfigurations = (
				ECF1BD3624928CDD000AAEDF /* Debug */,
				ECF1BD3724928CDD000AAEDF /* Release */,
			);
			defaultConfigurationIsVisible = 0;
			defaultConfigurationName = Release;
		};
		ECF1BD3824928CDD000AAEDF /* Build configuration list for PBXNativeTarget "TravelTests" */ = {
			isa = XCConfigurationList;
			buildConfigurations = (
				ECF1BD3924928CDD000AAEDF /* Debug */,
				ECF1BD3A24928CDD000AAEDF /* Release */,
			);
			defaultConfigurationIsVisible = 0;
			defaultConfigurationName = Release;
		};
		ECF1BD3B24928CDD000AAEDF /* Build configuration list for PBXNativeTarget "TravelUITests" */ = {
			isa = XCConfigurationList;
			buildConfigurations = (
				ECF1BD3C24928CDD000AAEDF /* Debug */,
				ECF1BD3D24928CDD000AAEDF /* Release */,
			);
			defaultConfigurationIsVisible = 0;
			defaultConfigurationName = Release;
		};
/* End XCConfigurationList section */
	};
	rootObject = ECF1BD0324928CD8000AAEDF /* Project object */;
}
